
Microsoft Visual Studio Solution File, Format Version 12.00
# Visual Studio Version 16
VisualStudioVersion = 16.0.31515.178
MinimumVisualStudioVersion = 10.0.40219.1
Project("{888888A0-9F3D-457C-B088-3A5042F75D52}") = "GuessinGame 2", "GuessinGame 2.pyproj", "{B92FCF93-44E6-4448-93E4-D68E0247444D}"
EndProject
Global
	GlobalSection(SolutionConfigurationPlatforms) = preSolution
		Debug|Any CPU = Debug|Any CPU
		Release|Any CPU = Release|Any CPU
	EndGlobalSection
	GlobalSection(ProjectConfigurationPlatforms) = postSolution
		{B92FCF93-44E6-4448-93E4-D68E0247444D}.Debug|Any CPU.ActiveCfg = Debug|Any CPU
		{B92FCF93-44E6-4448-93E4-D68E0247444D}.Release|Any CPU.ActiveCfg = Release|Any CPU
	EndGlobalSection
	GlobalSection(SolutionProperties) = preSolution
		HideSolutionNode = FALSE
	EndGlobalSection
	GlobalSection(ExtensibilityGlobals) = postSolution
		SolutionGuid = {D19974DF-54EA-48C3-A146-7787C2ECC37F}
	EndGlobalSection
EndGlobal
